
Microsoft Visual Studio Solution File, Format Version 12.00
# Visual Studio Version 16
VisualStudioVersion = 16.0.34031.81
MinimumVisualStudioVersion = 10.0.40219.1
Project("{FAE04EC0-301F-11D3-BF4B-00C04F79EFBC}") = "ConsoleApp", "ConsoleApp\ConsoleApp.csproj", "{2158484D-9878-41E1-ADEA-C5FB8BFA0554}"
EndProject
Global
	GlobalSection(SolutionConfigurationPlatforms) = preSolution
		Debug|Any CPU = Debug|Any CPU
		Release|Any CPU = Release|Any CPU
	EndGlobalSection
	GlobalSection(ProjectConfigurationPlatforms) = postSolution
		{2158484D-9878-41E1-ADEA-C5FB8BFA0554}.Debug|Any CPU.ActiveCfg = Debug|Any CPU
		{2158484D-9878-41E1-ADEA-C5FB8BFA0554}.Debug|Any CPU.Build.0 = Debug|Any CPU
		{2158484D-9878-41E1-ADEA-C5FB8BFA0554}.Release|Any CPU.ActiveCfg = Release|Any CPU
		{2158484D-9878-41E1-ADEA-C5FB8BFA0554}.Release|Any CPU.Build.0 = Release|Any CPU
	EndGlobalSection
	GlobalSection(SolutionProperties) = preSolution
		HideSolutionNode = FALSE
	EndGlobalSection
	GlobalSection(ExtensibilityGlobals) = postSolution
		SolutionGuid = {5F0BC095-975C-4E67-85F1-E19B2A0C695E}
	EndGlobalSection
EndGlobal
